// !$*UTF8*$!
{
	archiveVersion = 1;
	classes = {
	};
	objectVersion = 50;
	objects = {

/* Begin PBXBuildFile section */
		7094CC4B214BA34E0017282E /* TestScrollView.swift in Sources */ = {isa = PBXBuildFile; fileRef = 7094CC4A214BA34E0017282E /* TestScrollView.swift */; };
		7094CC4D214BA3D60017282E /* PureLayout.framework in Frameworks */ = {isa = PBXBuildFile; fileRef = 7094CC4C214BA3D60017282E /* PureLayout.framework */; };
		7094CC4E214BA3D60017282E /* PureLayout.framework in Embed Frameworks */ = {isa = PBXBuildFile; fileRef = 7094CC4C214BA3D60017282E /* PureLayout.framework */; settings = {ATTRIBUTES = (CodeSignOnCopy, RemoveHeadersOnCopy, ); }; };
		70D2087D21466F49003D45B4 /* AppDelegate.swift in Sources */ = {isa = PBXBuildFile; fileRef = 70D2087C21466F49003D45B4 /* AppDelegate.swift */; };
		70D2087F21466F49003D45B4 /* ViewController.swift in Sources */ = {isa = PBXBuildFile; fileRef = 70D2087E21466F49003D45B4 /* ViewController.swift */; };
		70D2088221466F49003D45B4 /* Main.storyboard in Resources */ = {isa = PBXBuildFile; fileRef = 70D2088021466F49003D45B4 /* Main.storyboard */; };
		70D2088421466F4A003D45B4 /* Assets.xcassets in Resources */ = {isa = PBXBuildFile; fileRef = 70D2088321466F4A003D45B4 /* Assets.xcassets */; };
		70D2088721466F4A003D45B4 /* LaunchScreen.storyboard in Resources */ = {isa = PBXBuildFile; fileRef = 70D2088521466F4A003D45B4 /* LaunchScreen.storyboard */; };
		70D2089221466F4A003D45B4 /* TestScrollyUITests.swift in Sources */ = {isa = PBXBuildFile; fileRef = 70D2089121466F4A003D45B4 /* TestScrollyUITests.swift */; };
		70D2089D21466F65003D45B4 /* ASHorizontalScrollView.swift in Sources */ = {isa = PBXBuildFile; fileRef = 70D2089C21466F65003D45B4 /* ASHorizontalScrollView.swift */; };
/* End PBXBuildFile section */

/* Begin PBXContainerItemProxy section */
		70D2088E21466F4A003D45B4 /* PBXContainerItemProxy */ = {
			isa = PBXContainerItemProxy;
			containerPortal = 70D2087121466F49003D45B4 /* Project object */;
			proxyType = 1;
			remoteGlobalIDString = 70D2087821466F49003D45B4;
			remoteInfo = TestScrolly;
		};
/* End PBXContainerItemProxy section */

/* Begin PBXCopyFilesBuildPhase section */
		7094CC4F214BA3D60017282E /* Embed Frameworks */ = {
			isa = PBXCopyFilesBuildPhase;
			buildActionMask = 2147483647;
			dstPath = "";
			dstSubfolderSpec = 10;
			files = (
				7094CC4E214BA3D60017282E /* PureLayout.framework in Embed Frameworks */,
			);
			name = "Embed Frameworks";
			runOnlyForDeploymentPostprocessing = 0;
		};
/* End PBXCopyFilesBuildPhase section */

/* Begin PBXFileReference section */
		7094CC4A214BA34E0017282E /* TestScrollView.swift */ = {isa = PBXFileReference; lastKnownFileType = sourcecode.swift; path = TestScrollView.swift; sourceTree = "<group>"; };
		7094CC4C214BA3D60017282E /* PureLayout.framework */ = {isa = PBXFileReference; lastKnownFileType = wrapper.framework; name = PureLayout.framework; path = Carthage/Build/iOS/PureLayout.framework; sourceTree = "<group>"; };
		70D2087921466F49003D45B4 /* TestScrolly.app */ = {isa = PBXFileReference; explicitFileType = wrapper.application; includeInIndex = 0; path = TestScrolly.app; sourceTree = BUILT_PRODUCTS_DIR; };
		70D2087C21466F49003D45B4 /* AppDelegate.swift */ = {isa = PBXFileReference; lastKnownFileType = sourcecode.swift; path = AppDelegate.swift; sourceTree = "<group>"; };
		70D2087E21466F49003D45B4 /* ViewController.swift */ = {isa = PBXFileReference; lastKnownFileType = sourcecode.swift; path = ViewController.swift; sourceTree = "<group>"; };
		70D2088121466F49003D45B4 /* Base */ = {isa = PBXFileReference; lastKnownFileType = file.storyboard; name = Base; path = Base.lproj/Main.storyboard; sourceTree = "<group>"; };
		70D2088321466F4A003D45B4 /* Assets.xcassets */ = {isa = PBXFileReference; lastKnownFileType = folder.assetcatalog; path = Assets.xcassets; sourceTree = "<group>"; };
		70D2088621466F4A003D45B4 /* Base */ = {isa = PBXFileReference; lastKnownFileType = file.storyboard; name = Base; path = Base.lproj/LaunchScreen.storyboard; sourceTree = "<group>"; };
		70D2088821466F4A003D45B4 /* Info.plist */ = {isa = PBXFileReference; lastKnownFileType = text.plist.xml; path = Info.plist; sourceTree = "<group>"; };
		70D2088D21466F4A003D45B4 /* TestScrollyUITests.xctest */ = {isa = PBXFileReference; explicitFileType = wrapper.cfbundle; includeInIndex = 0; path = TestScrollyUITests.xctest; sourceTree = BUILT_PRODUCTS_DIR; };
		70D2089121466F4A003D45B4 /* TestScrollyUITests.swift */ = {isa = PBXFileReference; lastKnownFileType = sourcecode.swift; path = TestScrollyUITests.swift; sourceTree = "<group>"; };
		70D2089321466F4A003D45B4 /* Info.plist */ = {isa = PBXFileReference; lastKnownFileType = text.plist.xml; path = Info.plist; sourceTree = "<group>"; };
		70D2089C21466F65003D45B4 /* ASHorizontalScrollView.swift */ = {isa = PBXFileReference; lastKnownFileType = sourcecode.swift; path = ASHorizontalScrollView.swift; sourceTree = "<group>"; };
/* End PBXFileReference section */

/* Begin PBXFrameworksBuildPhase section */
		70D2087621466F49003D45B4 /* Frameworks */ = {
			isa = PBXFrameworksBuildPhase;
			buildActionMask = 2147483647;
			files = (
				7094CC4D214BA3D60017282E /* PureLayout.framework in Frameworks */,
			);
			runOnlyForDeploymentPostprocessing = 0;
		};
		70D2088A21466F4A003D45B4 /* Frameworks */ = {
			isa = PBXFrameworksBuildPhase;
			buildActionMask = 2147483647;
			files = (
			);
			runOnlyForDeploymentPostprocessing = 0;
		};
/* End PBXFrameworksBuildPhase section */

/* Begin PBXGroup section */
		70D2087021466F49003D45B4 = {
			isa = PBXGroup;
			children = (
				7094CC4C214BA3D60017282E /* PureLayout.framework */,
				70D2087B21466F49003D45B4 /* TestScrolly */,
				70D2089021466F4A003D45B4 /* TestScrollyUITests */,
				70D2087A21466F49003D45B4 /* Products */,
			);
			sourceTree = "<group>";
		};
		70D2087A21466F49003D45B4 /* Products */ = {
			isa = PBXGroup;
			children = (
				70D2087921466F49003D45B4 /* TestScrolly.app */,
				70D2088D21466F4A003D45B4 /* TestScrollyUITests.xctest */,
			);
			name = Products;
			sourceTree = "<group>";
		};
		70D2087B21466F49003D45B4 /* TestScrolly */ = {
			isa = PBXGroup;
			children = (
				70D2087C21466F49003D45B4 /* AppDelegate.swift */,
				70D2087E21466F49003D45B4 /* ViewController.swift */,
				70D2088021466F49003D45B4 /* Main.storyboard */,
				70D2088321466F4A003D45B4 /* Assets.xcassets */,
				70D2088521466F4A003D45B4 /* LaunchScreen.storyboard */,
				70D2088821466F4A003D45B4 /* Info.plist */,
				70D2089C21466F65003D45B4 /* ASHorizontalScrollView.swift */,
				7094CC4A214BA34E0017282E /* TestScrollView.swift */,
			);
			path = TestScrolly;
			sourceTree = "<group>";
		};
		70D2089021466F4A003D45B4 /* TestScrollyUITests */ = {
			isa = PBXGroup;
			children = (
				70D2089121466F4A003D45B4 /* TestScrollyUITests.swift */,
				70D2089321466F4A003D45B4 /* Info.plist */,
			);
			path = TestScrollyUITests;
			sourceTree = "<group>";
		};
/* End PBXGroup section */

/* Begin PBXNativeTarget section */
		70D2087821466F49003D45B4 /* TestScrolly */ = {
			isa = PBXNativeTarget;
			buildConfigurationList = 70D2089621466F4A003D45B4 /* Build configuration list for PBXNativeTarget "TestScrolly" */;
			buildPhases = (
				70D2087521466F49003D45B4 /* Sources */,
				70D2087621466F49003D45B4 /* Frameworks */,
				70D2087721466F49003D45B4 /* Resources */,
				7094CC4F214BA3D60017282E /* Embed Frameworks */,
			);
			buildRules = (
			);
			dependencies = (
			);
			name = TestScrolly;
			productName = TestScrolly;
			productReference = 70D2087921466F49003D45B4 /* TestScrolly.app */;
			productType = "com.apple.product-type.application";
		};
		70D2088C21466F4A003D45B4 /* TestScrollyUITests */ = {
			isa = PBXNativeTarget;
			buildConfigurationList = 70D2089921466F4A003D45B4 /* Build configuration list for PBXNativeTarget "TestScrollyUITests" */;
			buildPhases = (
				70D2088921466F4A003D45B4 /* Sources */,
				70D2088A21466F4A003D45B4 /* Frameworks */,
				70D2088B21466F4A003D45B4 /* Resources */,
			);
			buildRules = (
			);
			dependencies = (
				70D2088F21466F4A003D45B4 /* PBXTargetDependency */,
			);
			name = TestScrollyUITests;
			productName = TestScrollyUITests;
			productReference = 70D2088D21466F4A003D45B4 /* TestScrollyUITests.xctest */;
			productType = "com.apple.product-type.bundle.ui-testing";
		};
/* End PBXNativeTarget section */

/* Begin PBXProject section */
		70D2087121466F49003D45B4 /* Project object */ = {
			isa = PBXProject;
			attributes = {
				LastSwiftUpdateCheck = 1000;
				LastUpgradeCheck = 1000;
				ORGANIZATIONNAME = "Shane Whitehead";
				TargetAttributes = {
					70D2087821466F49003D45B4 = {
						CreatedOnToolsVersion = 10.0;
					};
					70D2088C21466F4A003D45B4 = {
						CreatedOnToolsVersion = 10.0;
						TestTargetID = 70D2087821466F49003D45B4;
					};
				};
			};
			buildConfigurationList = 70D2087421466F49003D45B4 /* Build configuration list for PBXProject "TestScrolly" */;
			compatibilityVersion = "Xcode 9.3";
			developmentRegion = en;
			hasScannedForEncodings = 0;
			knownRegions = (
				en,
				Base,
			);
			mainGroup = 70D2087021466F49003D45B4;
			productRefGroup = 70D2087A21466F49003D45B4 /* Products */;
			projectDirPath = "";
			projectRoot = "";
			targets = (
				70D2087821466F49003D45B4 /* TestScrolly */,
				70D2088C21466F4A003D45B4 /* TestScrollyUITests */,
			);
		};
/* End PBXProject section */

/* Begin PBXResourcesBuildPhase section */
		70D2087721466F49003D45B4 /* Resources */ = {
			isa = PBXResourcesBuildPhase;
			buildActionMask = 2147483647;
			files = (
				70D2088721466F4A003D45B4 /* LaunchScreen.storyboard in Resources */,
				70D2088421466F4A003D45B4 /* Assets.xcassets in Resources */,
				70D2088221466F49003D45B4 /* Main.storyboard in Resources */,
			);
			runOnlyForDeploymentPostprocessing = 0;
		};
		70D2088B21466F4A003D45B4 /* Resources */ = {
			isa = PBXResourcesBuildPhase;
			buildActionMask = 2147483647;
			files = (
			);
			runOnlyForDeploymentPostprocessing = 0;
		};
/* End PBXResourcesBuildPhase section */

/* Begin PBXSourcesBuildPhase section */
		70D2087521466F49003D45B4 /* Sources */ = {
			isa = PBXSourcesBuildPhase;
			buildActionMask = 2147483647;
			files = (
				70D2087F21466F49003D45B4 /* ViewController.swift in Sources */,
				7094CC4B214BA34E0017282E /* TestScrollView.swift in Sources */,
				70D2087D21466F49003D45B4 /* AppDelegate.swift in Sources */,
				70D2089D21466F65003D45B4 /* ASHorizontalScrollView.swift in Sources */,
			);
			runOnlyForDeploymentPostprocessing = 0;
		};
		70D2088921466F4A003D45B4 /* Sources */ = {
			isa = PBXSourcesBuildPhase;
			buildActionMask = 2147483647;
			files = (
				70D2089221466F4A003D45B4 /* TestScrollyUITests.swift in Sources */,
			);
			runOnlyForDeploymentPostprocessing = 0;
		};
/* End PBXSourcesBuildPhase section */

/* Begin PBXTargetDependency section */
		70D2088F21466F4A003D45B4 /* PBXTargetDependency */ = {
			isa = PBXTargetDependency;
			target = 70D2087821466F49003D45B4 /* TestScrolly */;
			targetProxy = 70D2088E21466F4A003D45B4 /* PBXContainerItemProxy */;
		};
/* End PBXTargetDependency section */

/* Begin PBXVariantGroup section */
		70D2088021466F49003D45B4 /* Main.storyboard */ = {
			isa = PBXVariantGroup;
			children = (
				70D2088121466F49003D45B4 /* Base */,
			);
			name = Main.storyboard;
			sourceTree = "<group>";
		};
		70D2088521466F4A003D45B4 /* LaunchScreen.storyboard */ = {
			isa = PBXVariantGroup;
			children = (
				70D2088621466F4A003D45B4 /* Base */,
			);
			name = LaunchScreen.storyboard;
			sourceTree = "<group>";
		};
/* End PBXVariantGroup section */

/* Begin XCBuildConfiguration section */
		70D2089421466F4A003D45B4 /* Debug */ = {
			isa = XCBuildConfiguration;
			buildSettings = {
				ALWAYS_SEARCH_USER_PATHS = NO;
				CLANG_ANALYZER_NONNULL = YES;
				CLANG_ANALYZER_NUMBER_OBJECT_CONVERSION = YES_AGGRESSIVE;
				CLANG_CXX_LANGUAGE_STANDARD = "gnu++14";
				CLANG_CXX_LIBRARY = "libc++";
				CLANG_ENABLE_MODULES = YES;
				CLANG_ENABLE_OBJC_ARC = YES;
				CLANG_ENABLE_OBJC_WEAK = YES;
				CLANG_WARN_BLOCK_CAPTURE_AUTORELEASING = YES;
				CLANG_WARN_BOOL_CONVERSION = YES;
				CLANG_WARN_COMMA = YES;
				CLANG_WARN_CONSTANT_CONVERSION = YES;
				CLANG_WARN_DEPRECATED_OBJC_IMPLEMENTATIONS = YES;
				CLANG_WARN_DIRECT_OBJC_ISA_USAGE = YES_ERROR;
				CLANG_WARN_DOCUMENTATION_COMMENTS = YES;
				CLANG_WARN_EMPTY_BODY = YES;
				CLANG_WARN_ENUM_CONVERSION = YES;
				CLANG_WARN_INFINITE_RECURSION = YES;
				CLANG_WARN_INT_CONVERSION = YES;
				CLANG_WARN_NON_LITERAL_NULL_CONVERSION = YES;
				CLANG_WARN_OBJC_IMPLICIT_RETAIN_SELF = YES;
				CLANG_WARN_OBJC_LITERAL_CONVERSION = YES;
				CLANG_WARN_OBJC_ROOT_CLASS = YES_ERROR;
				CLANG_WARN_RANGE_LOOP_ANALYSIS = YES;
				CLANG_WARN_STRICT_PROTOTYPES = YES;
				CLANG_WARN_SUSPICIOUS_MOVE = YES;
				CLANG_WARN_UNGUARDED_AVAILABILITY = YES_AGGRESSIVE;
				CLANG_WARN_UNREACHABLE_CODE = YES;
				CLANG_WARN__DUPLICATE_METHOD_MATCH = YES;
				CODE_SIGN_IDENTITY = "iPhone Developer";
				COPY_PHASE_STRIP = NO;
				DEBUG_INFORMATION_FORMAT = dwarf;
				ENABLE_STRICT_OBJC_MSGSEND = YES;
				ENABLE_TESTABILITY = YES;
				GCC_C_LANGUAGE_STANDARD = gnu11;
				GCC_DYNAMIC_NO_PIC = NO;
				GCC_NO_COMMON_BLOCKS = YES;
				GCC_OPTIMIZATION_LEVEL = 0;
				GCC_PREPROCESSOR_DEFINITIONS = (
					"DEBUG=1",
					"$(inherited)",
				);
				GCC_WARN_64_TO_32_BIT_CONVERSION = YES;
				GCC_WARN_ABOUT_RETURN_TYPE = YES_ERROR;
				GCC_WARN_UNDECLARED_SELECTOR = YES;
				GCC_WARN_UNINITIALIZED_AUTOS = YES_AGGRESSIVE;
				GCC_WARN_UNUSED_FUNCTION = YES;
				GCC_WARN_UNUSED_VARIABLE = YES;
				IPHONEOS_DEPLOYMENT_TARGET = 12.0;
				MTL_ENABLE_DEBUG_INFO = INCLUDE_SOURCE;
				MTL_FAST_MATH = YES;
				ONLY_ACTIVE_ARCH = YES;
				SDKROOT = iphoneos;
				SWIFT_ACTIVE_COMPILATION_CONDITIONS = DEBUG;
				SWIFT_OPTIMIZATION_LEVEL = "-Onone";
			};
			name = Debug;
		};
		70D2089521466F4A003D45B4 /* Release */ = {
			isa = XCBuildConfiguration;
			buildSettings = {
				ALWAYS_SEARCH_USER_PATHS = NO;
				CLANG_ANALYZER_NONNULL = YES;
				CLANG_ANALYZER_NUMBER_OBJECT_CONVERSION = YES_AGGRESSIVE;
				CLANG_CXX_LANGUAGE_STANDARD = "gnu++14";
				CLANG_CXX_LIBRARY = "libc++";
				CLANG_ENABLE_MODULES = YES;
				CLANG_ENABLE_OBJC_ARC = YES;
				CLANG_ENABLE_OBJC_WEAK = YES;
				CLANG_WARN_BLOCK_CAPTURE_AUTORELEASING = YES;
				CLANG_WARN_BOOL_CONVERSION = YES;
				CLANG_WARN_COMMA = YES;
				CLANG_WARN_CONSTANT_CONVERSION = YES;
				CLANG_WARN_DEPRECATED_OBJC_IMPLEMENTATIONS = YES;
				CLANG_WARN_DIRECT_OBJC_ISA_USAGE = YES_ERROR;
				CLANG_WARN_DOCUMENTATION_COMMENTS = YES;
				CLANG_WARN_EMPTY_BODY = YES;
				CLANG_WARN_ENUM_CONVERSION = YES;
				CLANG_WARN_INFINITE_RECURSION = YES;
				CLANG_WARN_INT_CONVERSION = YES;
				CLANG_WARN_NON_LITERAL_NULL_CONVERSION = YES;
				CLANG_WARN_OBJC_IMPLICIT_RETAIN_SELF = YES;
				CLANG_WARN_OBJC_LITERAL_CONVERSION = YES;
				CLANG_WARN_OBJC_ROOT_CLASS = YES_ERROR;
				CLANG_WARN_RANGE_LOOP_ANALYSIS = YES;
				CLANG_WARN_STRICT_PROTOTYPES = YES;
				CLANG_WARN_SUSPICIOUS_MOVE = YES;
				CLANG_WARN_UNGUARDED_AVAILABILITY = YES_AGGRESSIVE;
				CLANG_WARN_UNREACHABLE_CODE = YES;
				CLANG_WARN__DUPLICATE_METHOD_MATCH = YES;
				CODE_SIGN_IDENTITY = "iPhone Developer";
				COPY_PHASE_STRIP = NO;
				DEBUG_INFORMATION_FORMAT = "dwarf-with-dsym";
				ENABLE_NS_ASSERTIONS = NO;
				ENABLE_STRICT_OBJC_MSGSEND = YES;
				GCC_C_LANGUAGE_STANDARD = gnu11;
				GCC_NO_COMMON_BLOCKS = YES;
				GCC_WARN_64_TO_32_BIT_CONVERSION = YES;
				GCC_WARN_ABOUT_RETURN_TYPE = YES_ERROR;
				GCC_WARN_UNDECLARED_SELECTOR = YES;
				GCC_WARN_UNINITIALIZED_AUTOS = YES_AGGRESSIVE;
				GCC_WARN_UNUSED_FUNCTION = YES;
				GCC_WARN_UNUSED_VARIABLE = YES;
				IPHONEOS_DEPLOYMENT_TARGET = 12.0;
				MTL_ENABLE_DEBUG_INFO = NO;
				MTL_FAST_MATH = YES;
				SDKROOT = iphoneos;
				SWIFT_COMPILATION_MODE = wholemodule;
				SWIFT_OPTIMIZATION_LEVEL = "-O";
				VALIDATE_PRODUCT = YES;
			};
			name = Release;
		};
		70D2089721466F4A003D45B4 /* Debug */ = {
			isa = XCBuildConfiguration;
			buildSettings = {
				ASSETCATALOG_COMPILER_APPICON_NAME = AppIcon;
				CODE_SIGN_STYLE = Automatic;
				DEVELOPMENT_TEAM = YWXH886EY3;
				FRAMEWORK_SEARCH_PATHS = (
					"$(inherited)",
					"$(PROJECT_DIR)/Carthage/Build/iOS",
				);
				INFOPLIST_FILE = TestScrolly/Info.plist;
				LD_RUNPATH_SEARCH_PATHS = (
					"$(inherited)",
					"@executable_path/Frameworks",
				);
				PRODUCT_BUNDLE_IDENTIFIER = org.kaizen.TestScrolly;
				PRODUCT_NAME = "$(TARGET_NAME)";
				SWIFT_VERSION = 4.2;
				TARGETED_DEVICE_FAMILY = "1,2";
			};
			name = Debug;
		};
		70D2089821466F4A003D45B4 /* Release */ = {
			isa = XCBuildConfiguration;
			buildSettings = {
				ASSETCATALOG_COMPILER_APPICON_NAME = AppIcon;
				CODE_SIGN_STYLE = Automatic;
				DEVELOPMENT_TEAM = YWXH886EY3;
				FRAMEWORK_SEARCH_PATHS = (
					"$(inherited)",
					"$(PROJECT_DIR)/Carthage/Build/iOS",
				);
				INFOPLIST_FILE = TestScrolly/Info.plist;
				LD_RUNPATH_SEARCH_PATHS = (
					"$(inherited)",
					"@executable_path/Frameworks",
				);
				PRODUCT_BUNDLE_IDENTIFIER = org.kaizen.TestScrolly;
				PRODUCT_NAME = "$(TARGET_NAME)";
				SWIFT_VERSION = 4.2;
				TARGETED_DEVICE_FAMILY = "1,2";
			};
			name = Release;
		};
		70D2089A21466F4A003D45B4 /* Debug */ = {
			isa = XCBuildConfiguration;
			buildSettings = {
				ALWAYS_EMBED_SWIFT_STANDARD_LIBRARIES = YES;
				CODE_SIGN_STYLE = Automatic;
				DEVELOPMENT_TEAM = YWXH886EY3;
				INFOPLIST_FILE = TestScrollyUITests/Info.plist;
				LD_RUNPATH_SEARCH_PATHS = (
					"$(inherited)",
					"@executable_path/Frameworks",
					"@loader_path/Frameworks",
				);
				PRODUCT_BUNDLE_IDENTIFIER = org.kaizen.TestScrollyUITests;
				PRODUCT_NAME = "$(TARGET_NAME)";
				SWIFT_VERSION = 4.2;
				TARGETED_DEVICE_FAMILY = "1,2";
				TEST_TARGET_NAME = TestScrolly;
			};
			name = Debug;
		};
		70D2089B21466F4A003D45B4 /* Release */ = {
			isa = XCBuildConfiguration;
			buildSettings = {
				ALWAYS_EMBED_SWIFT_STANDARD_LIBRARIES = YES;
				CODE_SIGN_STYLE = Automatic;
				DEVELOPMENT_TEAM = YWXH886EY3;
				INFOPLIST_FILE = TestScrollyUITests/Info.plist;
				LD_RUNPATH_SEARCH_PATHS = (
					"$(inherited)",
					"@executable_path/Frameworks",
					"@loader_path/Frameworks",
				);
				PRODUCT_BUNDLE_IDENTIFIER = org.kaizen.TestScrollyUITests;
				PRODUCT_NAME = "$(TARGET_NAME)";
				SWIFT_VERSION = 4.2;
				TARGETED_DEVICE_FAMILY = "1,2";
				TEST_TARGET_NAME = TestScrolly;
			};
			name = Release;
		};
/* End XCBuildConfiguration section */

/* Begin XCConfigurationList section */
		70D2087421466F49003D45B4 /* Build configuration list for PBXProject "TestScrolly" */ = {
			isa = XCConfigurationList;
			buildConfigurations = (
				70D2089421466F4A003D45B4 /* Debug */,
				70D2089521466F4A003D45B4 /* Release */,
			);
			defaultConfigurationIsVisible = 0;
			defaultConfigurationName = Release;
		};
		70D2089621466F4A003D45B4 /* Build configuration list for PBXNativeTarget "TestScrolly" */ = {
			isa = XCConfigurationList;
			buildConfigurations = (
				70D2089721466F4A003D45B4 /* Debug */,
				70D2089821466F4A003D45B4 /* Release */,
			);
			defaultConfigurationIsVisible = 0;
			defaultConfigurationName = Release;
		};
		70D2089921466F4A003D45B4 /* Build configuration list for PBXNativeTarget "TestScrollyUITests" */ = {
			isa = XCConfigurationList;
			buildConfigurations = (
				70D2089A21466F4A003D45B4 /* Debug */,
				70D2089B21466F4A003D45B4 /* Release */,
			);
			defaultConfigurationIsVisible = 0;
			defaultConfigurationName = Release;
		};
/* End XCConfigurationList section */
	};
	rootObject = 70D2087121466F49003D45B4 /* Project object */;
}
